PODS:
  - CosDirectLink (1.0.0):
    - IQKeyboardManagerSwift (~> 6.5.10)
  - IQKeyboardManagerSwift (6.5.10)

DEPENDENCIES:
  - CosDirectLink (from `../CosDirectLink/`)

SPEC REPOS:
  trunk:
    - IQKeyboardManagerSwift

EXTERNAL SOURCES:
  CosDirectLink:
    :path: "../CosDirectLink/"

SPEC CHECKSUMS:
  CosDirectLink: e7fd1e41e2344223a4198362dcc5d4b703a53cba
  IQKeyboardManagerSwift: 52962c76ab33532f15ad9f3ff4e5715eda5335bb

PODFILE CHECKSUM: f25a0cdb2e5f249561a4d6e892e6fbd945c50706

COCOAPODS: 1.11.2
